github.com/vishalendu/gomodule1 v0.0.0-20240208161747-19717a0ffb02 h1:ZTAhwwnrEg5GVsjnbF2VRhAKKajNyQlGlR0N6BLFdwU=
github.com/vishalendu/gomodule1 v0.0.0-20240208161747-19717a0ffb02/go.mod h1:Xj40mJ0UzuRwsgUT9lGNlsxnvXdL6VKkLvh0Bxnnhdg=
github.com/vishalendu/gomodule2 v0.0.0-20240208162331-af55f837b5af h1:R/R0n81wVEUfENnitSDCsIQP5G8EhmmWeyHln7SaQl4=
github.com/vishalendu/gomodule2 v0.0.0-20240208162331-af55f837b5af/go.mod h1:B2eOqNe3XmSadzCK5JSolwrug8xfZms7UpVveuB5tSM=
